// !$*UTF8*$!
{
	archiveVersion = 1;
	classes = {
	};
	objectVersion = 50;
	objects = {

/* Begin PBXBuildFile section */
		B99E032B2244353B001750D9 /* AppDelegate.swift in Sources */ = {isa = PBXBuildFile; fileRef = B99E032A2244353B001750D9 /* AppDelegate.swift */; };
		B99E03302244353B001750D9 /* Main.storyboard in Resources */ = {isa = PBXBuildFile; fileRef = B99E032E2244353B001750D9 /* Main.storyboard */; };
		B99E03322244353D001750D9 /* Assets.xcassets in Resources */ = {isa = PBXBuildFile; fileRef = B99E03312244353D001750D9 /* Assets.xcassets */; };
		B99E03352244353D001750D9 /* LaunchScreen.storyboard in Resources */ = {isa = PBXBuildFile; fileRef = B99E03332244353D001750D9 /* LaunchScreen.storyboard */; };
		B99E0341224435D6001750D9 /* Post.swift in Sources */ = {isa = PBXBuildFile; fileRef = B99E0340224435D6001750D9 /* Post.swift */; };
		B99E034322443721001750D9 /* PostController.swift in Sources */ = {isa = PBXBuildFile; fileRef = B99E034222443721001750D9 /* PostController.swift */; };
		B99E034722444358001750D9 /* PostsTableViewController.swift in Sources */ = {isa = PBXBuildFile; fileRef = B99E034622444358001750D9 /* PostsTableViewController.swift */; };
		B99E0349224444EC001750D9 /* PostTableViewCell.swift in Sources */ = {isa = PBXBuildFile; fileRef = B99E0348224444EC001750D9 /* PostTableViewCell.swift */; };
/* End PBXBuildFile section */

/* Begin PBXFileReference section */
		B99E03272244353B001750D9 /* WhyiOS25.app */ = {isa = PBXFileReference; explicitFileType = wrapper.application; includeInIndex = 0; path = WhyiOS25.app; sourceTree = BUILT_PRODUCTS_DIR; };
		B99E032A2244353B001750D9 /* AppDelegate.swift */ = {isa = PBXFileReference; lastKnownFileType = sourcecode.swift; path = AppDelegate.swift; sourceTree = "<group>"; };
		B99E032F2244353B001750D9 /* Base */ = {isa = PBXFileReference; lastKnownFileType = file.storyboard; name = Base; path = Base.lproj/Main.storyboard; sourceTree = "<group>"; };
		B99E03312244353D001750D9 /* Assets.xcassets */ = {isa = PBXFileReference; lastKnownFileType = folder.assetcatalog; path = Assets.xcassets; sourceTree = "<group>"; };
		B99E03342244353D001750D9 /* Base */ = {isa = PBXFileReference; lastKnownFileType = file.storyboard; name = Base; path = Base.lproj/LaunchScreen.storyboard; sourceTree = "<group>"; };
		B99E03362244353D001750D9 /* Info.plist */ = {isa = PBXFileReference; lastKnownFileType = text.plist.xml; path = Info.plist; sourceTree = "<group>"; };
		B99E0340224435D6001750D9 /* Post.swift */ = {isa = PBXFileReference; lastKnownFileType = sourcecode.swift; path = Post.swift; sourceTree = "<group>"; };
		B99E034222443721001750D9 /* PostController.swift */ = {isa = PBXFileReference; lastKnownFileType = sourcecode.swift; path = PostController.swift; sourceTree = "<group>"; };
		B99E034622444358001750D9 /* PostsTableViewController.swift */ = {isa = PBXFileReference; lastKnownFileType = sourcecode.swift; path = PostsTableViewController.swift; sourceTree = "<group>"; };
		B99E0348224444EC001750D9 /* PostTableViewCell.swift */ = {isa = PBXFileReference; lastKnownFileType = sourcecode.swift; path = PostTableViewCell.swift; sourceTree = "<group>"; };
/* End PBXFileReference section */

/* Begin PBXFrameworksBuildPhase section */
		B99E03242244353B001750D9 /* Frameworks */ = {
			isa = PBXFrameworksBuildPhase;
			buildActionMask = 2147483647;
			files = (
			);
			runOnlyForDeploymentPostprocessing = 0;
		};
/* End PBXFrameworksBuildPhase section */

/* Begin PBXGroup section */
		B99E031E2244353B001750D9 = {
			isa = PBXGroup;
			children = (
				B99E03292244353B001750D9 /* WhyiOS25 */,
				B99E03282244353B001750D9 /* Products */,
			);
			sourceTree = "<group>";
		};
		B99E03282244353B001750D9 /* Products */ = {
			isa = PBXGroup;
			children = (
				B99E03272244353B001750D9 /* WhyiOS25.app */,
			);
			name = Products;
			sourceTree = "<group>";
		};
		B99E03292244353B001750D9 /* WhyiOS25 */ = {
			isa = PBXGroup;
			children = (
				B99E033C2244356A001750D9 /* Models */,
				B99E033D2244356C001750D9 /* Views */,
				B99E033E2244357C001750D9 /* Controllers */,
				B99E033F2244358F001750D9 /* Resources */,
			);
			path = WhyiOS25;
			sourceTree = "<group>";
		};
		B99E033C2244356A001750D9 /* Models */ = {
			isa = PBXGroup;
			children = (
				B99E0340224435D6001750D9 /* Post.swift */,
			);
			path = Models;
			sourceTree = "<group>";
		};
		B99E033D2244356C001750D9 /* Views */ = {
			isa = PBXGroup;
			children = (
				B99E0348224444EC001750D9 /* PostTableViewCell.swift */,
			);
			path = Views;
			sourceTree = "<group>";
		};
		B99E033E2244357C001750D9 /* Controllers */ = {
			isa = PBXGroup;
			children = (
				B99E034522444310001750D9 /* ModelControllers */,
				B99E034422444308001750D9 /* ViewControllers */,
			);
			path = Controllers;
			sourceTree = "<group>";
		};
		B99E033F2244358F001750D9 /* Resources */ = {
			isa = PBXGroup;
			children = (
				B99E032A2244353B001750D9 /* AppDelegate.swift */,
				B99E032E2244353B001750D9 /* Main.storyboard */,
				B99E03312244353D001750D9 /* Assets.xcassets */,
				B99E03332244353D001750D9 /* LaunchScreen.storyboard */,
				B99E03362244353D001750D9 /* Info.plist */,
			);
			path = Resources;
			sourceTree = "<group>";
		};
		B99E034422444308001750D9 /* ViewControllers */ = {
			isa = PBXGroup;
			children = (
				B99E034622444358001750D9 /* PostsTableViewController.swift */,
			);
			path = ViewControllers;
			sourceTree = "<group>";
		};
		B99E034522444310001750D9 /* ModelControllers */ = {
			isa = PBXGroup;
			children = (
				B99E034222443721001750D9 /* PostController.swift */,
			);
			path = ModelControllers;
			sourceTree = "<group>";
		};
/* End PBXGroup section */

/* Begin PBXNativeTarget section */
		B99E03262244353B001750D9 /* WhyiOS25 */ = {
			isa = PBXNativeTarget;
			buildConfigurationList = B99E03392244353D001750D9 /* Build configuration list for PBXNativeTarget "WhyiOS25" */;
			buildPhases = (
				B99E03232244353B001750D9 /* Sources */,
				B99E03242244353B001750D9 /* Frameworks */,
				B99E03252244353B001750D9 /* Resources */,
			);
			buildRules = (
			);
			dependencies = (
			);
			name = WhyiOS25;
			productName = WhyiOS25;
			productReference = B99E03272244353B001750D9 /* WhyiOS25.app */;
			productType = "com.apple.product-type.application";
		};
/* End PBXNativeTarget section */

/* Begin PBXProject section */
		B99E031F2244353B001750D9 /* Project object */ = {
			isa = PBXProject;
			attributes = {
				LastSwiftUpdateCheck = 1010;
				LastUpgradeCheck = 1010;
				ORGANIZATIONNAME = Launch;
				TargetAttributes = {
					B99E03262244353B001750D9 = {
						CreatedOnToolsVersion = 10.1;
					};
				};
			};
			buildConfigurationList = B99E03222244353B001750D9 /* Build configuration list for PBXProject "WhyiOS25" */;
			compatibilityVersion = "Xcode 9.3";
			developmentRegion = en;
			hasScannedForEncodings = 0;
			knownRegions = (
				en,
				Base,
			);
			mainGroup = B99E031E2244353B001750D9;
			productRefGroup = B99E03282244353B001750D9 /* Products */;
			projectDirPath = "";
			projectRoot = "";
			targets = (
				B99E03262244353B001750D9 /* WhyiOS25 */,
			);
		};
/* End PBXProject section */

/* Begin PBXResourcesBuildPhase section */
		B99E03252244353B001750D9 /* Resources */ = {
			isa = PBXResourcesBuildPhase;
			buildActionMask = 2147483647;
			files = (
				B99E03352244353D001750D9 /* LaunchScreen.storyboard in Resources */,
				B99E03322244353D001750D9 /* Assets.xcassets in Resources */,
				B99E03302244353B001750D9 /* Main.storyboard in Resources */,
			);
			runOnlyForDeploymentPostprocessing = 0;
		};
/* End PBXResourcesBuildPhase section */

/* Begin PBXSourcesBuildPhase section */
		B99E03232244353B001750D9 /* Sources */ = {
			isa = PBXSourcesBuildPhase;
			buildActionMask = 2147483647;
			files = (
				B99E032B2244353B001750D9 /* AppDelegate.swift in Sources */,
				B99E034722444358001750D9 /* PostsTableViewController.swift in Sources */,
				B99E0349224444EC001750D9 /* PostTableViewCell.swift in Sources */,
				B99E034322443721001750D9 /* PostController.swift in Sources */,
				B99E0341224435D6001750D9 /* Post.swift in Sources */,
			);
			runOnlyForDeploymentPostprocessing = 0;
		};
/* End PBXSourcesBuildPhase section */

/* Begin PBXVariantGroup section */
		B99E032E2244353B001750D9 /* Main.storyboard */ = {
			isa = PBXVariantGroup;
			children = (
				B99E032F2244353B001750D9 /* Base */,
			);
			name = Main.storyboard;
			sourceTree = "<group>";
		};
		B99E03332244353D001750D9 /* LaunchScreen.storyboard */ = {
			isa = PBXVariantGroup;
			children = (
				B99E03342244353D001750D9 /* Base */,
			);
			name = LaunchScreen.storyboard;
			sourceTree = "<group>";
		};
/* End PBXVariantGroup section */

/* Begin XCBuildConfiguration section */
		B99E03372244353D001750D9 /* Debug */ = {
			isa = XCBuildConfiguration;
			buildSettings = {
				ALWAYS_SEARCH_USER_PATHS = NO;
				CLANG_ANALYZER_NONNULL = YES;
				CLANG_ANALYZER_NUMBER_OBJECT_CONVERSION = YES_AGGRESSIVE;
				CLANG_CXX_LANGUAGE_STANDARD = "gnu++14";
				CLANG_CXX_LIBRARY = "libc++";
				CLANG_ENABLE_MODULES = YES;
				CLANG_ENABLE_OBJC_ARC = YES;
				CLANG_ENABLE_OBJC_WEAK = YES;
				CLANG_WARN_BLOCK_CAPTURE_AUTORELEASING = YES;
				CLANG_WARN_BOOL_CONVERSION = YES;
				CLANG_WARN_COMMA = YES;
				CLANG_WARN_CONSTANT_CONVERSION = YES;
				CLANG_WARN_DEPRECATED_OBJC_IMPLEMENTATIONS = YES;
				CLANG_WARN_DIRECT_OBJC_ISA_USAGE = YES_ERROR;
				CLANG_WARN_DOCUMENTATION_COMMENTS = YES;
				CLANG_WARN_EMPTY_BODY = YES;
				CLANG_WARN_ENUM_CONVERSION = YES;
				CLANG_WARN_INFINITE_RECURSION = YES;
				CLANG_WARN_INT_CONVERSION = YES;
				CLANG_WARN_NON_LITERAL_NULL_CONVERSION = YES;
				CLANG_WARN_OBJC_IMPLICIT_RETAIN_SELF = YES;
				CLANG_WARN_OBJC_LITERAL_CONVERSION = YES;
				CLANG_WARN_OBJC_ROOT_CLASS = YES_ERROR;
				CLANG_WARN_RANGE_LOOP_ANALYSIS = YES;
				CLANG_WARN_STRICT_PROTOTYPES = YES;
				CLANG_WARN_SUSPICIOUS_MOVE = YES;
				CLANG_WARN_UNGUARDED_AVAILABILITY = YES_AGGRESSIVE;
				CLANG_WARN_UNREACHABLE_CODE = YES;
				CLANG_WARN__DUPLICATE_METHOD_MATCH = YES;
				CODE_SIGN_IDENTITY = "iPhone Developer";
				COPY_PHASE_STRIP = NO;
				DEBUG_INFORMATION_FORMAT = dwarf;
				ENABLE_STRICT_OBJC_MSGSEND = YES;
				ENABLE_TESTABILITY = YES;
				GCC_C_LANGUAGE_STANDARD = gnu11;
				GCC_DYNAMIC_NO_PIC = NO;
				GCC_NO_COMMON_BLOCKS = YES;
				GCC_OPTIMIZATION_LEVEL = 0;
				GCC_PREPROCESSOR_DEFINITIONS = (
					"DEBUG=1",
					"$(inherited)",
				);
				GCC_WARN_64_TO_32_BIT_CONVERSION = YES;
				GCC_WARN_ABOUT_RETURN_TYPE = YES_ERROR;
				GCC_WARN_UNDECLARED_SELECTOR = YES;
				GCC_WARN_UNINITIALIZED_AUTOS = YES_AGGRESSIVE;
				GCC_WARN_UNUSED_FUNCTION = YES;
				GCC_WARN_UNUSED_VARIABLE = YES;
				IPHONEOS_DEPLOYMENT_TARGET = 12.1;
				MTL_ENABLE_DEBUG_INFO = INCLUDE_SOURCE;
				MTL_FAST_MATH = YES;
				ONLY_ACTIVE_ARCH = YES;
				SDKROOT = iphoneos;
				SWIFT_ACTIVE_COMPILATION_CONDITIONS = DEBUG;
				SWIFT_OPTIMIZATION_LEVEL = "-Onone";
			};
			name = Debug;
		};
		B99E03382244353D001750D9 /* Release */ = {
			isa = XCBuildConfiguration;
			buildSettings = {
				ALWAYS_SEARCH_USER_PATHS = NO;
				CLANG_ANALYZER_NONNULL = YES;
				CLANG_ANALYZER_NUMBER_OBJECT_CONVERSION = YES_AGGRESSIVE;
				CLANG_CXX_LANGUAGE_STANDARD = "gnu++14";
				CLANG_CXX_LIBRARY = "libc++";
				CLANG_ENABLE_MODULES = YES;
				CLANG_ENABLE_OBJC_ARC = YES;
				CLANG_ENABLE_OBJC_WEAK = YES;
				CLANG_WARN_BLOCK_CAPTURE_AUTORELEASING = YES;
				CLANG_WARN_BOOL_CONVERSION = YES;
				CLANG_WARN_COMMA = YES;
				CLANG_WARN_CONSTANT_CONVERSION = YES;
				CLANG_WARN_DEPRECATED_OBJC_IMPLEMENTATIONS = YES;
				CLANG_WARN_DIRECT_OBJC_ISA_USAGE = YES_ERROR;
				CLANG_WARN_DOCUMENTATION_COMMENTS = YES;
				CLANG_WARN_EMPTY_BODY = YES;
				CLANG_WARN_ENUM_CONVERSION = YES;
				CLANG_WARN_INFINITE_RECURSION = YES;
				CLANG_WARN_INT_CONVERSION = YES;
				CLANG_WARN_NON_LITERAL_NULL_CONVERSION = YES;
				CLANG_WARN_OBJC_IMPLICIT_RETAIN_SELF = YES;
				CLANG_WARN_OBJC_LITERAL_CONVERSION = YES;
				CLANG_WARN_OBJC_ROOT_CLASS = YES_ERROR;
				CLANG_WARN_RANGE_LOOP_ANALYSIS = YES;
				CLANG_WARN_STRICT_PROTOTYPES = YES;
				CLANG_WARN_SUSPICIOUS_MOVE = YES;
				CLANG_WARN_UNGUARDED_AVAILABILITY = YES_AGGRESSIVE;
				CLANG_WARN_UNREACHABLE_CODE = YES;
				CLANG_WARN__DUPLICATE_METHOD_MATCH = YES;
				CODE_SIGN_IDENTITY = "iPhone Developer";
				COPY_PHASE_STRIP = NO;
				DEBUG_INFORMATION_FORMAT = "dwarf-with-dsym";
				ENABLE_NS_ASSERTIONS = NO;
				ENABLE_STRICT_OBJC_MSGSEND = YES;
				GCC_C_LANGUAGE_STANDARD = gnu11;
				GCC_NO_COMMON_BLOCKS = YES;
				GCC_WARN_64_TO_32_BIT_CONVERSION = YES;
				GCC_WARN_ABOUT_RETURN_TYPE = YES_ERROR;
				GCC_WARN_UNDECLARED_SELECTOR = YES;
				GCC_WARN_UNINITIALIZED_AUTOS = YES_AGGRESSIVE;
				GCC_WARN_UNUSED_FUNCTION = YES;
				GCC_WARN_UNUSED_VARIABLE = YES;
				IPHONEOS_DEPLOYMENT_TARGET = 12.1;
				MTL_ENABLE_DEBUG_INFO = NO;
				MTL_FAST_MATH = YES;
				SDKROOT = iphoneos;
				SWIFT_COMPILATION_MODE = wholemodule;
				SWIFT_OPTIMIZATION_LEVEL = "-O";
				VALIDATE_PRODUCT = YES;
			};
			name = Release;
		};
		B99E033A2244353D001750D9 /* Debug */ = {
			isa = XCBuildConfiguration;
			buildSettings = {
				ASSETCATALOG_COMPILER_APPICON_NAME = AppIcon;
				CODE_SIGN_STYLE = Automatic;
				DEVELOPMENT_TEAM = Q7U6J583A3;
				INFOPLIST_FILE = "$(SRCROOT)/WhyiOS25/Resources/Info.plist";
				LD_RUNPATH_SEARCH_PATHS = (
					"$(inherited)",
					"@executable_path/Frameworks",
				);
				PRODUCT_BUNDLE_IDENTIFIER = com.launch.WhyiOS25;
				PRODUCT_NAME = "$(TARGET_NAME)";
				SWIFT_VERSION = 4.2;
				TARGETED_DEVICE_FAMILY = "1,2";
			};
			name = Debug;
		};
		B99E033B2244353D001750D9 /* Release */ = {
			isa = XCBuildConfiguration;
			buildSettings = {
				ASSETCATALOG_COMPILER_APPICON_NAME = AppIcon;
				CODE_SIGN_STYLE = Automatic;
				DEVELOPMENT_TEAM = Q7U6J583A3;
				INFOPLIST_FILE = "$(SRCROOT)/WhyiOS25/Resources/Info.plist";
				LD_RUNPATH_SEARCH_PATHS = (
					"$(inherited)",
					"@executable_path/Frameworks",
				);
				PRODUCT_BUNDLE_IDENTIFIER = com.launch.WhyiOS25;
				PRODUCT_NAME = "$(TARGET_NAME)";
				SWIFT_VERSION = 4.2;
				TARGETED_DEVICE_FAMILY = "1,2";
			};
			name = Release;
		};
/* End XCBuildConfiguration section */

/* Begin XCConfigurationList section */
		B99E03222244353B001750D9 /* Build configuration list for PBXProject "WhyiOS25" */ = {
			isa = XCConfigurationList;
			buildConfigurations = (
				B99E03372244353D001750D9 /* Debug */,
				B99E03382244353D001750D9 /* Release */,
			);
			defaultConfigurationIsVisible = 0;
			defaultConfigurationName = Release;
		};
		B99E03392244353D001750D9 /* Build configuration list for PBXNativeTarget "WhyiOS25" */ = {
			isa = XCConfigurationList;
			buildConfigurations = (
				B99E033A2244353D001750D9 /* Debug */,
				B99E033B2244353D001750D9 /* Release */,
			);
			defaultConfigurationIsVisible = 0;
			defaultConfigurationName = Release;
		};
/* End XCConfigurationList section */
	};
	rootObject = B99E031F2244353B001750D9 /* Project object */;
}
